
Microsoft Visual Studio Solution File, Format Version 12.00
# Visual Studio Version 16
VisualStudioVersion = 16.0.28803.202
MinimumVisualStudioVersion = 10.0.40219.1
Project("{FAE04EC0-301F-11D3-BF4B-00C04F79EFBC}") = "TechAcademyClassMethodsPrac", "TechAcademyClassMethodsPrac\TechAcademyClassMethodsPrac.csproj", "{175882F6-CD4E-414F-8D40-9616E70EC82E}"
EndProject
Global
	GlobalSection(SolutionConfigurationPlatforms) = preSolution
		Debug|Any CPU = Debug|Any CPU
		Release|Any CPU = Release|Any CPU
	EndGlobalSection
	GlobalSection(ProjectConfigurationPlatforms) = postSolution
		{175882F6-CD4E-414F-8D40-9616E70EC82E}.Debug|Any CPU.ActiveCfg = Debug|Any CPU
		{175882F6-CD4E-414F-8D40-9616E70EC82E}.Debug|Any CPU.Build.0 = Debug|Any CPU
		{175882F6-CD4E-414F-8D40-9616E70EC82E}.Release|Any CPU.ActiveCfg = Release|Any CPU
		{175882F6-CD4E-414F-8D40-9616E70EC82E}.Release|Any CPU.Build.0 = Release|Any CPU
	EndGlobalSection
	GlobalSection(SolutionProperties) = preSolution
		HideSolutionNode = FALSE
	EndGlobalSection
	GlobalSection(ExtensibilityGlobals) = postSolution
		SolutionGuid = {EA817340-1BE6-491E-AFE9-0950E76CC1F0}
	EndGlobalSection
EndGlobal
