
Microsoft Visual Studio Solution File, Format Version 12.00
# Visual Studio Version 16
VisualStudioVersion = 16.0.28803.202
MinimumVisualStudioVersion = 10.0.40219.1
Project("{FAE04EC0-301F-11D3-BF4B-00C04F79EFBC}") = "DoWhileLoopPracTechAcademy", "DoWhileLoopPracTechAcademy\DoWhileLoopPracTechAcademy.csproj", "{83FA6594-4900-4A05-B3DF-3BA8E5FE3DE0}"
EndProject
Global
	GlobalSection(SolutionConfigurationPlatforms) = preSolution
		Debug|Any CPU = Debug|Any CPU
		Release|Any CPU = Release|Any CPU
	EndGlobalSection
	GlobalSection(ProjectConfigurationPlatforms) = postSolution
		{83FA6594-4900-4A05-B3DF-3BA8E5FE3DE0}.Debug|Any CPU.ActiveCfg = Debug|Any CPU
		{83FA6594-4900-4A05-B3DF-3BA8E5FE3DE0}.Debug|Any CPU.Build.0 = Debug|Any CPU
		{83FA6594-4900-4A05-B3DF-3BA8E5FE3DE0}.Release|Any CPU.ActiveCfg = Release|Any CPU
		{83FA6594-4900-4A05-B3DF-3BA8E5FE3DE0}.Release|Any CPU.Build.0 = Release|Any CPU
	EndGlobalSection
	GlobalSection(SolutionProperties) = preSolution
		HideSolutionNode = FALSE
	EndGlobalSection
	GlobalSection(ExtensibilityGlobals) = postSolution
		SolutionGuid = {FD4B92AD-4CE9-4F9F-BD1E-9DDE3FA0EBEB}
	EndGlobalSection
EndGlobal
