
Microsoft Visual Studio Solution File, Format Version 12.00
# Visual Studio Version 16
VisualStudioVersion = 16.0.28803.202
MinimumVisualStudioVersion = 10.0.40219.1
Project("{FAE04EC0-301F-11D3-BF4B-00C04F79EFBC}") = "InterfacePracTechAcademy", "InterfacePracTechAcademy\InterfacePracTechAcademy.csproj", "{6424006D-AD4C-49C8-9408-6F2EF845113C}"
EndProject
Global
	GlobalSection(SolutionConfigurationPlatforms) = preSolution
		Debug|Any CPU = Debug|Any CPU
		Release|Any CPU = Release|Any CPU
	EndGlobalSection
	GlobalSection(ProjectConfigurationPlatforms) = postSolution
		{6424006D-AD4C-49C8-9408-6F2EF845113C}.Debug|Any CPU.ActiveCfg = Debug|Any CPU
		{6424006D-AD4C-49C8-9408-6F2EF845113C}.Debug|Any CPU.Build.0 = Debug|Any CPU
		{6424006D-AD4C-49C8-9408-6F2EF845113C}.Release|Any CPU.ActiveCfg = Release|Any CPU
		{6424006D-AD4C-49C8-9408-6F2EF845113C}.Release|Any CPU.Build.0 = Release|Any CPU
	EndGlobalSection
	GlobalSection(SolutionProperties) = preSolution
		HideSolutionNode = FALSE
	EndGlobalSection
	GlobalSection(ExtensibilityGlobals) = postSolution
		SolutionGuid = {5ED4D26B-35B3-4D96-BC07-0E431FA1746A}
	EndGlobalSection
EndGlobal
