
Microsoft Visual Studio Solution File, Format Version 12.00
# Visual Studio Version 16
VisualStudioVersion = 16.0.28803.452
MinimumVisualStudioVersion = 10.0.40219.1
Project("{FAE04EC0-301F-11D3-BF4B-00C04F79EFBC}") = "MVPPrac", "MVPPrac\MVPPrac.csproj", "{0BB260E1-73D2-4A4D-9239-7C21F5000C3C}"
EndProject
Global
	GlobalSection(SolutionConfigurationPlatforms) = preSolution
		Debug|Any CPU = Debug|Any CPU
		Release|Any CPU = Release|Any CPU
	EndGlobalSection
	GlobalSection(ProjectConfigurationPlatforms) = postSolution
		{0BB260E1-73D2-4A4D-9239-7C21F5000C3C}.Debug|Any CPU.ActiveCfg = Debug|Any CPU
		{0BB260E1-73D2-4A4D-9239-7C21F5000C3C}.Debug|Any CPU.Build.0 = Debug|Any CPU
		{0BB260E1-73D2-4A4D-9239-7C21F5000C3C}.Release|Any CPU.ActiveCfg = Release|Any CPU
		{0BB260E1-73D2-4A4D-9239-7C21F5000C3C}.Release|Any CPU.Build.0 = Release|Any CPU
	EndGlobalSection
	GlobalSection(SolutionProperties) = preSolution
		HideSolutionNode = FALSE
	EndGlobalSection
	GlobalSection(ExtensibilityGlobals) = postSolution
		SolutionGuid = {9048D5E3-F399-4795-80EB-E7F36C4F27C4}
	EndGlobalSection
EndGlobal
