
Microsoft Visual Studio Solution File, Format Version 12.00
# Visual Studio Version 16
VisualStudioVersion = 16.0.28803.452
MinimumVisualStudioVersion = 10.0.40219.1
Project("{FAE04EC0-301F-11D3-BF4B-00C04F79EFBC}") = "NewsletterAppMVC", "NewsletterAppMVC\NewsletterAppMVC.csproj", "{B890F50E-AE01-4FFD-938D-BC2B6FC49897}"
EndProject
Global
	GlobalSection(SolutionConfigurationPlatforms) = preSolution
		Debug|Any CPU = Debug|Any CPU
		Release|Any CPU = Release|Any CPU
	EndGlobalSection
	GlobalSection(ProjectConfigurationPlatforms) = postSolution
		{B890F50E-AE01-4FFD-938D-BC2B6FC49897}.Debug|Any CPU.ActiveCfg = Debug|Any CPU
		{B890F50E-AE01-4FFD-938D-BC2B6FC49897}.Debug|Any CPU.Build.0 = Debug|Any CPU
		{B890F50E-AE01-4FFD-938D-BC2B6FC49897}.Release|Any CPU.ActiveCfg = Release|Any CPU
		{B890F50E-AE01-4FFD-938D-BC2B6FC49897}.Release|Any CPU.Build.0 = Release|Any CPU
	EndGlobalSection
	GlobalSection(SolutionProperties) = preSolution
		HideSolutionNode = FALSE
	EndGlobalSection
	GlobalSection(ExtensibilityGlobals) = postSolution
		SolutionGuid = {5016326C-EDF3-45A8-8EF2-6C07C5785B59}
	EndGlobalSection
EndGlobal
